// !$*UTF8*$!
{
	archiveVersion = 1;
	classes = {
	};
	objectVersion = 50;
	objects = {

/* Begin PBXBuildFile section */
		4B1A607623D8BF3E00C2DA70 /* ActivityTableViewCell.swift in Sources */ = {isa = PBXBuildFile; fileRef = 4B1A607523D8BF3E00C2DA70 /* ActivityTableViewCell.swift */; };
		4B39703F23D4E5490089793A /* HeaderTableViewCell.swift in Sources */ = {isa = PBXBuildFile; fileRef = 4B39703E23D4E5490089793A /* HeaderTableViewCell.swift */; };
		4B4998A723C23C8D003C6D43 /* AppDelegate.swift in Sources */ = {isa = PBXBuildFile; fileRef = 4B4998A623C23C8D003C6D43 /* AppDelegate.swift */; };
		4B4998A923C23C8D003C6D43 /* SceneDelegate.swift in Sources */ = {isa = PBXBuildFile; fileRef = 4B4998A823C23C8D003C6D43 /* SceneDelegate.swift */; };
		4B4998B023C23C8E003C6D43 /* Assets.xcassets in Resources */ = {isa = PBXBuildFile; fileRef = 4B4998AF23C23C8E003C6D43 /* Assets.xcassets */; };
		4B4998B323C23C8E003C6D43 /* LaunchScreen.storyboard in Resources */ = {isa = PBXBuildFile; fileRef = 4B4998B123C23C8E003C6D43 /* LaunchScreen.storyboard */; };
		4BA70D3423CA35D3001D36CA /* TripModel.swift in Sources */ = {isa = PBXBuildFile; fileRef = 4BA70D3323CA35D3001D36CA /* TripModel.swift */; };
		4BA70D3623CA35E5001D36CA /* TripFunctions.swift in Sources */ = {isa = PBXBuildFile; fileRef = 4BA70D3523CA35E5001D36CA /* TripFunctions.swift */; };
		4BA70D3823CA38AB001D36CA /* Data.swift in Sources */ = {isa = PBXBuildFile; fileRef = 4BA70D3723CA38AB001D36CA /* Data.swift */; };
		4BA70D3C23CA429D001D36CA /* TripsViewController.storyboard in Resources */ = {isa = PBXBuildFile; fileRef = 4BA70D3B23CA429D001D36CA /* TripsViewController.storyboard */; };
		4BA70D3E23CA42BD001D36CA /* TripsViewController.swift in Sources */ = {isa = PBXBuildFile; fileRef = 4BA70D3D23CA42BD001D36CA /* TripsViewController.swift */; };
		4BA70D4023CA4D13001D36CA /* TripsTableViewCell.swift in Sources */ = {isa = PBXBuildFile; fileRef = 4BA70D3F23CA4D13001D36CA /* TripsTableViewCell.swift */; };
		4BA70D4323CA52BA001D36CA /* UIViewExtentions.swift in Sources */ = {isa = PBXBuildFile; fileRef = 4BA70D4223CA52BA001D36CA /* UIViewExtentions.swift */; };
		4BA70D4623CA54F4001D36CA /* Theme.swift in Sources */ = {isa = PBXBuildFile; fileRef = 4BA70D4523CA54F4001D36CA /* Theme.swift */; };
		4BA70D4823CA55B8001D36CA /* FugazOne-Regular.ttf in Resources */ = {isa = PBXBuildFile; fileRef = 4BA70D4723CA55B8001D36CA /* FugazOne-Regular.ttf */; };
		4BA70D4A23CA5768001D36CA /* Colors.xcassets in Resources */ = {isa = PBXBuildFile; fileRef = 4BA70D4923CA5768001D36CA /* Colors.xcassets */; };
		4BA70D4C23CA5E59001D36CA /* UIButtonExtensions.swift in Sources */ = {isa = PBXBuildFile; fileRef = 4BA70D4B23CA5E59001D36CA /* UIButtonExtensions.swift */; };
		4BA70D4E23CB9309001D36CA /* AddTripViewController.storyboard in Resources */ = {isa = PBXBuildFile; fileRef = 4BA70D4D23CB9309001D36CA /* AddTripViewController.storyboard */; };
		4BA70D5123CB9368001D36CA /* AddTripViewController.swift in Sources */ = {isa = PBXBuildFile; fileRef = 4BA70D5023CB9368001D36CA /* AddTripViewController.swift */; };
		4BA70D5423CB9956001D36CA /* PopupView.swift in Sources */ = {isa = PBXBuildFile; fileRef = 4BA70D5323CB9956001D36CA /* PopupView.swift */; };
		4BA70D5623CB9B17001D36CA /* AppButton.swift in Sources */ = {isa = PBXBuildFile; fileRef = 4BA70D5523CB9B17001D36CA /* AppButton.swift */; };
		4BB53E7523D39B5600EC3CC0 /* ActivitiesViewController.storyboard in Resources */ = {isa = PBXBuildFile; fileRef = 4BB53E7423D39B5600EC3CC0 /* ActivitiesViewController.storyboard */; };
		4BB53E7723D39B7E00EC3CC0 /* ActivitiesViewController.swift in Sources */ = {isa = PBXBuildFile; fileRef = 4BB53E7623D39B7E00EC3CC0 /* ActivitiesViewController.swift */; };
		4BB53E7A23D3A79F00EC3CC0 /* DayModel.swift in Sources */ = {isa = PBXBuildFile; fileRef = 4BB53E7923D3A79F00EC3CC0 /* DayModel.swift */; };
		4BB53E7E23D3A87A00EC3CC0 /* ActivityModel.swift in Sources */ = {isa = PBXBuildFile; fileRef = 4BB53E7D23D3A87A00EC3CC0 /* ActivityModel.swift */; };
		4BB53E8023D3A95900EC3CC0 /* ActivityType.swift in Sources */ = {isa = PBXBuildFile; fileRef = 4BB53E7F23D3A95900EC3CC0 /* ActivityType.swift */; };
		4BB53E8323D3A9F900EC3CC0 /* MockData.swift in Sources */ = {isa = PBXBuildFile; fileRef = 4BB53E8223D3A9F900EC3CC0 /* MockData.swift */; };
/* End PBXBuildFile section */

/* Begin PBXFileReference section */
		4B1A607523D8BF3E00C2DA70 /* ActivityTableViewCell.swift */ = {isa = PBXFileReference; lastKnownFileType = sourcecode.swift; path = ActivityTableViewCell.swift; sourceTree = "<group>"; };
		4B39703E23D4E5490089793A /* HeaderTableViewCell.swift */ = {isa = PBXFileReference; lastKnownFileType = sourcecode.swift; path = HeaderTableViewCell.swift; sourceTree = "<group>"; };
		4B4998A323C23C8D003C6D43 /* Itenerary.app */ = {isa = PBXFileReference; explicitFileType = wrapper.application; includeInIndex = 0; path = Itenerary.app; sourceTree = BUILT_PRODUCTS_DIR; };
		4B4998A623C23C8D003C6D43 /* AppDelegate.swift */ = {isa = PBXFileReference; lastKnownFileType = sourcecode.swift; path = AppDelegate.swift; sourceTree = "<group>"; };
		4B4998A823C23C8D003C6D43 /* SceneDelegate.swift */ = {isa = PBXFileReference; lastKnownFileType = sourcecode.swift; path = SceneDelegate.swift; sourceTree = "<group>"; };
		4B4998AF23C23C8E003C6D43 /* Assets.xcassets */ = {isa = PBXFileReference; lastKnownFileType = folder.assetcatalog; path = Assets.xcassets; sourceTree = "<group>"; };
		4B4998B223C23C8E003C6D43 /* Base */ = {isa = PBXFileReference; lastKnownFileType = file.storyboard; name = Base; path = Base.lproj/LaunchScreen.storyboard; sourceTree = "<group>"; };
		4B4998B423C23C8E003C6D43 /* Info.plist */ = {isa = PBXFileReference; lastKnownFileType = text.plist.xml; path = Info.plist; sourceTree = "<group>"; };
		4BA70D3323CA35D3001D36CA /* TripModel.swift */ = {isa = PBXFileReference; lastKnownFileType = sourcecode.swift; path = TripModel.swift; sourceTree = "<group>"; };
		4BA70D3523CA35E5001D36CA /* TripFunctions.swift */ = {isa = PBXFileReference; lastKnownFileType = sourcecode.swift; path = TripFunctions.swift; sourceTree = "<group>"; };
		4BA70D3723CA38AB001D36CA /* Data.swift */ = {isa = PBXFileReference; lastKnownFileType = sourcecode.swift; path = Data.swift; sourceTree = "<group>"; };
		4BA70D3B23CA429D001D36CA /* TripsViewController.storyboard */ = {isa = PBXFileReference; lastKnownFileType = file.storyboard; path = TripsViewController.storyboard; sourceTree = "<group>"; };
		4BA70D3D23CA42BD001D36CA /* TripsViewController.swift */ = {isa = PBXFileReference; lastKnownFileType = sourcecode.swift; path = TripsViewController.swift; sourceTree = "<group>"; };
		4BA70D3F23CA4D13001D36CA /* TripsTableViewCell.swift */ = {isa = PBXFileReference; lastKnownFileType = sourcecode.swift; path = TripsTableViewCell.swift; sourceTree = "<group>"; };
		4BA70D4223CA52BA001D36CA /* UIViewExtentions.swift */ = {isa = PBXFileReference; lastKnownFileType = sourcecode.swift; path = UIViewExtentions.swift; sourceTree = "<group>"; };
		4BA70D4523CA54F4001D36CA /* Theme.swift */ = {isa = PBXFileReference; lastKnownFileType = sourcecode.swift; path = Theme.swift; sourceTree = "<group>"; };
		4BA70D4723CA55B8001D36CA /* FugazOne-Regular.ttf */ = {isa = PBXFileReference; lastKnownFileType = file; path = "FugazOne-Regular.ttf"; sourceTree = "<group>"; };
		4BA70D4923CA5768001D36CA /* Colors.xcassets */ = {isa = PBXFileReference; lastKnownFileType = folder.assetcatalog; path = Colors.xcassets; sourceTree = "<group>"; };
		4BA70D4B23CA5E59001D36CA /* UIButtonExtensions.swift */ = {isa = PBXFileReference; lastKnownFileType = sourcecode.swift; path = UIButtonExtensions.swift; sourceTree = "<group>"; };
		4BA70D4D23CB9309001D36CA /* AddTripViewController.storyboard */ = {isa = PBXFileReference; fileEncoding = 4; lastKnownFileType = file.storyboard; path = AddTripViewController.storyboard; sourceTree = "<group>"; };
		4BA70D5023CB9368001D36CA /* AddTripViewController.swift */ = {isa = PBXFileReference; lastKnownFileType = sourcecode.swift; path = AddTripViewController.swift; sourceTree = "<group>"; };
		4BA70D5323CB9956001D36CA /* PopupView.swift */ = {isa = PBXFileReference; lastKnownFileType = sourcecode.swift; path = PopupView.swift; sourceTree = "<group>"; };
		4BA70D5523CB9B17001D36CA /* AppButton.swift */ = {isa = PBXFileReference; lastKnownFileType = sourcecode.swift; path = AppButton.swift; sourceTree = "<group>"; };
		4BB53E7423D39B5600EC3CC0 /* ActivitiesViewController.storyboard */ = {isa = PBXFileReference; lastKnownFileType = file.storyboard; path = ActivitiesViewController.storyboard; sourceTree = "<group>"; };
		4BB53E7623D39B7E00EC3CC0 /* ActivitiesViewController.swift */ = {isa = PBXFileReference; lastKnownFileType = sourcecode.swift; path = ActivitiesViewController.swift; sourceTree = "<group>"; };
		4BB53E7923D3A79F00EC3CC0 /* DayModel.swift */ = {isa = PBXFileReference; lastKnownFileType = sourcecode.swift; path = DayModel.swift; sourceTree = "<group>"; };
		4BB53E7D23D3A87A00EC3CC0 /* ActivityModel.swift */ = {isa = PBXFileReference; lastKnownFileType = sourcecode.swift; path = ActivityModel.swift; sourceTree = "<group>"; };
		4BB53E7F23D3A95900EC3CC0 /* ActivityType.swift */ = {isa = PBXFileReference; lastKnownFileType = sourcecode.swift; path = ActivityType.swift; sourceTree = "<group>"; };
		4BB53E8223D3A9F900EC3CC0 /* MockData.swift */ = {isa = PBXFileReference; lastKnownFileType = sourcecode.swift; path = MockData.swift; sourceTree = "<group>"; };
/* End PBXFileReference section */

/* Begin PBXFrameworksBuildPhase section */
		4B4998A023C23C8D003C6D43 /* Frameworks */ = {
			isa = PBXFrameworksBuildPhase;
			buildActionMask = 2147483647;
			files = (
			);
			runOnlyForDeploymentPostprocessing = 0;
		};
/* End PBXFrameworksBuildPhase section */

/* Begin PBXGroup section */
		4B49989A23C23C8D003C6D43 = {
			isa = PBXGroup;
			children = (
				4B4998A523C23C8D003C6D43 /* Itenerary */,
				4B4998A423C23C8D003C6D43 /* Products */,
			);
			sourceTree = "<group>";
		};
		4B4998A423C23C8D003C6D43 /* Products */ = {
			isa = PBXGroup;
			children = (
				4B4998A323C23C8D003C6D43 /* Itenerary.app */,
			);
			name = Products;
			sourceTree = "<group>";
		};
		4B4998A523C23C8D003C6D43 /* Itenerary */ = {
			isa = PBXGroup;
			children = (
				4BA70D4423CA54D2001D36CA /* Resources */,
				4BA70D3123CA358B001D36CA /* Model */,
				4BA70D3923CA425D001D36CA /* Views */,
				4B4998A623C23C8D003C6D43 /* AppDelegate.swift */,
				4B4998A823C23C8D003C6D43 /* SceneDelegate.swift */,
				4B4998AF23C23C8E003C6D43 /* Assets.xcassets */,
				4B4998B123C23C8E003C6D43 /* LaunchScreen.storyboard */,
				4B4998B423C23C8E003C6D43 /* Info.plist */,
			);
			path = Itenerary;
			sourceTree = "<group>";
		};
		4BA70D3123CA358B001D36CA /* Model */ = {
			isa = PBXGroup;
			children = (
				4BA70D3723CA38AB001D36CA /* Data.swift */,
				4BB53E8223D3A9F900EC3CC0 /* MockData.swift */,
				4BA70D3223CA35A3001D36CA /* Trip */,
				4BB53E7823D3A78600EC3CC0 /* Day */,
				4BB53E7C23D3A85E00EC3CC0 /* Activity */,
			);
			path = Model;
			sourceTree = "<group>";
		};
		4BA70D3223CA35A3001D36CA /* Trip */ = {
			isa = PBXGroup;
			children = (
				4BA70D3323CA35D3001D36CA /* TripModel.swift */,
				4BA70D3523CA35E5001D36CA /* TripFunctions.swift */,
			);
			path = Trip;
			sourceTree = "<group>";
		};
		4BA70D3923CA425D001D36CA /* Views */ = {
			isa = PBXGroup;
			children = (
				4BA70D3A23CA426D001D36CA /* TripsViewController */,
				4BA70D4F23CB932A001D36CA /* AddTripViewController */,
				4BB53E7323D39B3C00EC3CC0 /* ActivitiesViewController */,
			);
			path = Views;
			sourceTree = "<group>";
		};
		4BA70D3A23CA426D001D36CA /* TripsViewController */ = {
			isa = PBXGroup;
			children = (
				4BA70D3B23CA429D001D36CA /* TripsViewController.storyboard */,
				4BA70D3D23CA42BD001D36CA /* TripsViewController.swift */,
				4BA70D3F23CA4D13001D36CA /* TripsTableViewCell.swift */,
			);
			path = TripsViewController;
			sourceTree = "<group>";
		};
		4BA70D4123CA528F001D36CA /* Extensions */ = {
			isa = PBXGroup;
			children = (
				4BA70D4223CA52BA001D36CA /* UIViewExtentions.swift */,
				4BA70D4B23CA5E59001D36CA /* UIButtonExtensions.swift */,
			);
			path = Extensions;
			sourceTree = "<group>";
		};
		4BA70D4423CA54D2001D36CA /* Resources */ = {
			isa = PBXGroup;
			children = (
				4BA70D5223CB992C001D36CA /* CustomClasses */,
				4BA70D4123CA528F001D36CA /* Extensions */,
				4BA70D4723CA55B8001D36CA /* FugazOne-Regular.ttf */,
				4BA70D4523CA54F4001D36CA /* Theme.swift */,
				4BA70D4923CA5768001D36CA /* Colors.xcassets */,
			);
			path = Resources;
			sourceTree = "<group>";
		};
		4BA70D4F23CB932A001D36CA /* AddTripViewController */ = {
			isa = PBXGroup;
			children = (
				4BA70D4D23CB9309001D36CA /* AddTripViewController.storyboard */,
				4BA70D5023CB9368001D36CA /* AddTripViewController.swift */,
			);
			path = AddTripViewController;
			sourceTree = "<group>";
		};
		4BA70D5223CB992C001D36CA /* CustomClasses */ = {
			isa = PBXGroup;
			children = (
				4BA70D5323CB9956001D36CA /* PopupView.swift */,
				4BA70D5523CB9B17001D36CA /* AppButton.swift */,
			);
			path = CustomClasses;
			sourceTree = "<group>";
		};
		4BB53E7323D39B3C00EC3CC0 /* ActivitiesViewController */ = {
			isa = PBXGroup;
			children = (
				4BB53E7423D39B5600EC3CC0 /* ActivitiesViewController.storyboard */,
				4BB53E7623D39B7E00EC3CC0 /* ActivitiesViewController.swift */,
				4B39703E23D4E5490089793A /* HeaderTableViewCell.swift */,
				4B1A607523D8BF3E00C2DA70 /* ActivityTableViewCell.swift */,
			);
			path = ActivitiesViewController;
			sourceTree = "<group>";
		};
		4BB53E7823D3A78600EC3CC0 /* Day */ = {
			isa = PBXGroup;
			children = (
				4BB53E7923D3A79F00EC3CC0 /* DayModel.swift */,
			);
			path = Day;
			sourceTree = "<group>";
		};
		4BB53E7C23D3A85E00EC3CC0 /* Activity */ = {
			isa = PBXGroup;
			children = (
				4BB53E7D23D3A87A00EC3CC0 /* ActivityModel.swift */,
				4BB53E7F23D3A95900EC3CC0 /* ActivityType.swift */,
			);
			path = Activity;
			sourceTree = "<group>";
		};
/* End PBXGroup section */

/* Begin PBXNativeTarget section */
		4B4998A223C23C8D003C6D43 /* Itenerary */ = {
			isa = PBXNativeTarget;
			buildConfigurationList = 4B4998B723C23C8E003C6D43 /* Build configuration list for PBXNativeTarget "Itenerary" */;
			buildPhases = (
				4B49989F23C23C8D003C6D43 /* Sources */,
				4B4998A023C23C8D003C6D43 /* Frameworks */,
				4B4998A123C23C8D003C6D43 /* Resources */,
			);
			buildRules = (
			);
			dependencies = (
			);
			name = Itenerary;
			productName = Itenerary;
			productReference = 4B4998A323C23C8D003C6D43 /* Itenerary.app */;
			productType = "com.apple.product-type.application";
		};
/* End PBXNativeTarget section */

/* Begin PBXProject section */
		4B49989B23C23C8D003C6D43 /* Project object */ = {
			isa = PBXProject;
			attributes = {
				LastSwiftUpdateCheck = 1130;
				LastUpgradeCheck = 1130;
				ORGANIZATIONNAME = "Abdulaziz AlObaili";
				TargetAttributes = {
					4B4998A223C23C8D003C6D43 = {
						CreatedOnToolsVersion = 11.3;
					};
				};
			};
			buildConfigurationList = 4B49989E23C23C8D003C6D43 /* Build configuration list for PBXProject "Itenerary" */;
			compatibilityVersion = "Xcode 9.3";
			developmentRegion = en;
			hasScannedForEncodings = 0;
			knownRegions = (
				en,
				Base,
			);
			mainGroup = 4B49989A23C23C8D003C6D43;
			productRefGroup = 4B4998A423C23C8D003C6D43 /* Products */;
			projectDirPath = "";
			projectRoot = "";
			targets = (
				4B4998A223C23C8D003C6D43 /* Itenerary */,
			);
		};
/* End PBXProject section */

/* Begin PBXResourcesBuildPhase section */
		4B4998A123C23C8D003C6D43 /* Resources */ = {
			isa = PBXResourcesBuildPhase;
			buildActionMask = 2147483647;
			files = (
				4BA70D4E23CB9309001D36CA /* AddTripViewController.storyboard in Resources */,
				4BA70D4A23CA5768001D36CA /* Colors.xcassets in Resources */,
				4B4998B323C23C8E003C6D43 /* LaunchScreen.storyboard in Resources */,
				4BB53E7523D39B5600EC3CC0 /* ActivitiesViewController.storyboard in Resources */,
				4BA70D3C23CA429D001D36CA /* TripsViewController.storyboard in Resources */,
				4BA70D4823CA55B8001D36CA /* FugazOne-Regular.ttf in Resources */,
				4B4998B023C23C8E003C6D43 /* Assets.xcassets in Resources */,
			);
			runOnlyForDeploymentPostprocessing = 0;
		};
/* End PBXResourcesBuildPhase section */

/* Begin PBXSourcesBuildPhase section */
		4B49989F23C23C8D003C6D43 /* Sources */ = {
			isa = PBXSourcesBuildPhase;
			buildActionMask = 2147483647;
			files = (
				4BA70D4623CA54F4001D36CA /* Theme.swift in Sources */,
				4B4998A723C23C8D003C6D43 /* AppDelegate.swift in Sources */,
				4B1A607623D8BF3E00C2DA70 /* ActivityTableViewCell.swift in Sources */,
				4B39703F23D4E5490089793A /* HeaderTableViewCell.swift in Sources */,
				4BA70D3823CA38AB001D36CA /* Data.swift in Sources */,
				4BB53E7723D39B7E00EC3CC0 /* ActivitiesViewController.swift in Sources */,
				4B4998A923C23C8D003C6D43 /* SceneDelegate.swift in Sources */,
				4BA70D4323CA52BA001D36CA /* UIViewExtentions.swift in Sources */,
				4BB53E7A23D3A79F00EC3CC0 /* DayModel.swift in Sources */,
				4BA70D4C23CA5E59001D36CA /* UIButtonExtensions.swift in Sources */,
				4BA70D3E23CA42BD001D36CA /* TripsViewController.swift in Sources */,
				4BA70D5123CB9368001D36CA /* AddTripViewController.swift in Sources */,
				4BA70D3623CA35E5001D36CA /* TripFunctions.swift in Sources */,
				4BB53E8023D3A95900EC3CC0 /* ActivityType.swift in Sources */,
				4BA70D5623CB9B17001D36CA /* AppButton.swift in Sources */,
				4BB53E8323D3A9F900EC3CC0 /* MockData.swift in Sources */,
				4BB53E7E23D3A87A00EC3CC0 /* ActivityModel.swift in Sources */,
				4BA70D5423CB9956001D36CA /* PopupView.swift in Sources */,
				4BA70D4023CA4D13001D36CA /* TripsTableViewCell.swift in Sources */,
				4BA70D3423CA35D3001D36CA /* TripModel.swift in Sources */,
			);
			runOnlyForDeploymentPostprocessing = 0;
		};
/* End PBXSourcesBuildPhase section */

/* Begin PBXVariantGroup section */
		4B4998B123C23C8E003C6D43 /* LaunchScreen.storyboard */ = {
			isa = PBXVariantGroup;
			children = (
				4B4998B223C23C8E003C6D43 /* Base */,
			);
			name = LaunchScreen.storyboard;
			sourceTree = "<group>";
		};
/* End PBXVariantGroup section */

/* Begin XCBuildConfiguration section */
		4B4998B523C23C8E003C6D43 /* Debug */ = {
			isa = XCBuildConfiguration;
			buildSettings = {
				ALWAYS_SEARCH_USER_PATHS = NO;
				CLANG_ANALYZER_NONNULL = YES;
				CLANG_ANALYZER_NUMBER_OBJECT_CONVERSION = YES_AGGRESSIVE;
				CLANG_CXX_LANGUAGE_STANDARD = "gnu++14";
				CLANG_CXX_LIBRARY = "libc++";
				CLANG_ENABLE_MODULES = YES;
				CLANG_ENABLE_OBJC_ARC = YES;
				CLANG_ENABLE_OBJC_WEAK = YES;
				CLANG_WARN_BLOCK_CAPTURE_AUTORELEASING = YES;
				CLANG_WARN_BOOL_CONVERSION = YES;
				CLANG_WARN_COMMA = YES;
				CLANG_WARN_CONSTANT_CONVERSION = YES;
				CLANG_WARN_DEPRECATED_OBJC_IMPLEMENTATIONS = YES;
				CLANG_WARN_DIRECT_OBJC_ISA_USAGE = YES_ERROR;
				CLANG_WARN_DOCUMENTATION_COMMENTS = YES;
				CLANG_WARN_EMPTY_BODY = YES;
				CLANG_WARN_ENUM_CONVERSION = YES;
				CLANG_WARN_INFINITE_RECURSION = YES;
				CLANG_WARN_INT_CONVERSION = YES;
				CLANG_WARN_NON_LITERAL_NULL_CONVERSION = YES;
				CLANG_WARN_OBJC_IMPLICIT_RETAIN_SELF = YES;
				CLANG_WARN_OBJC_LITERAL_CONVERSION = YES;
				CLANG_WARN_OBJC_ROOT_CLASS = YES_ERROR;
				CLANG_WARN_RANGE_LOOP_ANALYSIS = YES;
				CLANG_WARN_STRICT_PROTOTYPES = YES;
				CLANG_WARN_SUSPICIOUS_MOVE = YES;
				CLANG_WARN_UNGUARDED_AVAILABILITY = YES_AGGRESSIVE;
				CLANG_WARN_UNREACHABLE_CODE = YES;
				CLANG_WARN__DUPLICATE_METHOD_MATCH = YES;
				COPY_PHASE_STRIP = NO;
				DEBUG_INFORMATION_FORMAT = dwarf;
				ENABLE_STRICT_OBJC_MSGSEND = YES;
				ENABLE_TESTABILITY = YES;
				GCC_C_LANGUAGE_STANDARD = gnu11;
				GCC_DYNAMIC_NO_PIC = NO;
				GCC_NO_COMMON_BLOCKS = YES;
				GCC_OPTIMIZATION_LEVEL = 0;
				GCC_PREPROCESSOR_DEFINITIONS = (
					"DEBUG=1",
					"$(inherited)",
				);
				GCC_WARN_64_TO_32_BIT_CONVERSION = YES;
				GCC_WARN_ABOUT_RETURN_TYPE = YES_ERROR;
				GCC_WARN_UNDECLARED_SELECTOR = YES;
				GCC_WARN_UNINITIALIZED_AUTOS = YES_AGGRESSIVE;
				GCC_WARN_UNUSED_FUNCTION = YES;
				GCC_WARN_UNUSED_VARIABLE = YES;
				IPHONEOS_DEPLOYMENT_TARGET = 13.2;
				MTL_ENABLE_DEBUG_INFO = INCLUDE_SOURCE;
				MTL_FAST_MATH = YES;
				ONLY_ACTIVE_ARCH = YES;
				SDKROOT = iphoneos;
				SWIFT_ACTIVE_COMPILATION_CONDITIONS = DEBUG;
				SWIFT_OPTIMIZATION_LEVEL = "-Onone";
			};
			name = Debug;
		};
		4B4998B623C23C8E003C6D43 /* Release */ = {
			isa = XCBuildConfiguration;
			buildSettings = {
				ALWAYS_SEARCH_USER_PATHS = NO;
				CLANG_ANALYZER_NONNULL = YES;
				CLANG_ANALYZER_NUMBER_OBJECT_CONVERSION = YES_AGGRESSIVE;
				CLANG_CXX_LANGUAGE_STANDARD = "gnu++14";
				CLANG_CXX_LIBRARY = "libc++";
				CLANG_ENABLE_MODULES = YES;
				CLANG_ENABLE_OBJC_ARC = YES;
				CLANG_ENABLE_OBJC_WEAK = YES;
				CLANG_WARN_BLOCK_CAPTURE_AUTORELEASING = YES;
				CLANG_WARN_BOOL_CONVERSION = YES;
				CLANG_WARN_COMMA = YES;
				CLANG_WARN_CONSTANT_CONVERSION = YES;
				CLANG_WARN_DEPRECATED_OBJC_IMPLEMENTATIONS = YES;
				CLANG_WARN_DIRECT_OBJC_ISA_USAGE = YES_ERROR;
				CLANG_WARN_DOCUMENTATION_COMMENTS = YES;
				CLANG_WARN_EMPTY_BODY = YES;
				CLANG_WARN_ENUM_CONVERSION = YES;
				CLANG_WARN_INFINITE_RECURSION = YES;
				CLANG_WARN_INT_CONVERSION = YES;
				CLANG_WARN_NON_LITERAL_NULL_CONVERSION = YES;
				CLANG_WARN_OBJC_IMPLICIT_RETAIN_SELF = YES;
				CLANG_WARN_OBJC_LITERAL_CONVERSION = YES;
				CLANG_WARN_OBJC_ROOT_CLASS = YES_ERROR;
				CLANG_WARN_RANGE_LOOP_ANALYSIS = YES;
				CLANG_WARN_STRICT_PROTOTYPES = YES;
				CLANG_WARN_SUSPICIOUS_MOVE = YES;
				CLANG_WARN_UNGUARDED_AVAILABILITY = YES_AGGRESSIVE;
				CLANG_WARN_UNREACHABLE_CODE = YES;
				CLANG_WARN__DUPLICATE_METHOD_MATCH = YES;
				COPY_PHASE_STRIP = NO;
				DEBUG_INFORMATION_FORMAT = "dwarf-with-dsym";
				ENABLE_NS_ASSERTIONS = NO;
				ENABLE_STRICT_OBJC_MSGSEND = YES;
				GCC_C_LANGUAGE_STANDARD = gnu11;
				GCC_NO_COMMON_BLOCKS = YES;
				GCC_WARN_64_TO_32_BIT_CONVERSION = YES;
				GCC_WARN_ABOUT_RETURN_TYPE = YES_ERROR;
				GCC_WARN_UNDECLARED_SELECTOR = YES;
				GCC_WARN_UNINITIALIZED_AUTOS = YES_AGGRESSIVE;
				GCC_WARN_UNUSED_FUNCTION = YES;
				GCC_WARN_UNUSED_VARIABLE = YES;
				IPHONEOS_DEPLOYMENT_TARGET = 13.2;
				MTL_ENABLE_DEBUG_INFO = NO;
				MTL_FAST_MATH = YES;
				SDKROOT = iphoneos;
				SWIFT_COMPILATION_MODE = wholemodule;
				SWIFT_OPTIMIZATION_LEVEL = "-O";
				VALIDATE_PRODUCT = YES;
			};
			name = Release;
		};
		4B4998B823C23C8E003C6D43 /* Debug */ = {
			isa = XCBuildConfiguration;
			buildSettings = {
				ASSETCATALOG_COMPILER_APPICON_NAME = AppIcon;
				CODE_SIGN_STYLE = Automatic;
				DEVELOPMENT_TEAM = NCT5DLQUJC;
				INFOPLIST_FILE = Itenerary/Info.plist;
				LD_RUNPATH_SEARCH_PATHS = (
					"$(inherited)",
					"@executable_path/Frameworks",
				);
				PRODUCT_BUNDLE_IDENTIFIER = com.alobaili.Itenerary;
				PRODUCT_NAME = "$(TARGET_NAME)";
				SWIFT_VERSION = 5.0;
				TARGETED_DEVICE_FAMILY = "1,2";
			};
			name = Debug;
		};
		4B4998B923C23C8E003C6D43 /* Release */ = {
			isa = XCBuildConfiguration;
			buildSettings = {
				ASSETCATALOG_COMPILER_APPICON_NAME = AppIcon;
				CODE_SIGN_STYLE = Automatic;
				DEVELOPMENT_TEAM = NCT5DLQUJC;
				INFOPLIST_FILE = Itenerary/Info.plist;
				LD_RUNPATH_SEARCH_PATHS = (
					"$(inherited)",
					"@executable_path/Frameworks",
				);
				PRODUCT_BUNDLE_IDENTIFIER = com.alobaili.Itenerary;
				PRODUCT_NAME = "$(TARGET_NAME)";
				SWIFT_VERSION = 5.0;
				TARGETED_DEVICE_FAMILY = "1,2";
			};
			name = Release;
		};
/* End XCBuildConfiguration section */

/* Begin XCConfigurationList section */
		4B49989E23C23C8D003C6D43 /* Build configuration list for PBXProject "Itenerary" */ = {
			isa = XCConfigurationList;
			buildConfigurations = (
				4B4998B523C23C8E003C6D43 /* Debug */,
				4B4998B623C23C8E003C6D43 /* Release */,
			);
			defaultConfigurationIsVisible = 0;
			defaultConfigurationName = Release;
		};
		4B4998B723C23C8E003C6D43 /* Build configuration list for PBXNativeTarget "Itenerary" */ = {
			isa = XCConfigurationList;
			buildConfigurations = (
				4B4998B823C23C8E003C6D43 /* Debug */,
				4B4998B923C23C8E003C6D43 /* Release */,
			);
			defaultConfigurationIsVisible = 0;
			defaultConfigurationName = Release;
		};
/* End XCConfigurationList section */
	};
	rootObject = 4B49989B23C23C8D003C6D43 /* Project object */;
}
